schema: '2.0'
stages:
  data_ingestion:
    cmd: python src/data/data_ingestion.py
    deps:
    - path: src/data/data_ingestion.py
      hash: md5
      md5: 1c5e836d532fa65b19f830f72a859386
      size: 635
    outs:
    - path: data/raw/test.csv
      hash: md5
      md5: 35b06980c6e00772e6bf783ae10ab9b7
      size: 164174
    - path: data/raw/train.csv
      hash: md5
      md5: a2aa88dfae8af3dc60e6e24a09304f4e
      size: 663799
  data_preprocessing:
    cmd: python src/data/data_preprocessing.py
    deps:
    - path: data/raw/test.csv
      hash: md5
      md5: 35b06980c6e00772e6bf783ae10ab9b7
      size: 164174
    - path: data/raw/train.csv
      hash: md5
      md5: a2aa88dfae8af3dc60e6e24a09304f4e
      size: 663799
    - path: src/data/data_preprocessing.py
      hash: md5
      md5: ab8d5dcf9376a4fcd1ce762a7cc61d5c
      size: 3186
    outs:
    - path: data/processed/test.csv
      hash: md5
      md5: 870497ce96052cddf73c1a13036432ef
      size: 112656
    - path: data/processed/train.csv
      hash: md5
      md5: 637f3709b44460480d998aff20ae7a5e
      size: 453554
  feature_engineering:
    cmd: python src/features/features.py
    deps:
    - path: data/processed/test.csv
      hash: md5
      md5: 870497ce96052cddf73c1a13036432ef
      size: 112656
    - path: data/processed/train.csv
      hash: md5
      md5: 637f3709b44460480d998aff20ae7a5e
      size: 453554
    - path: src/features/features.py
      hash: md5
      md5: a3796717e9d749a263fe41914817048d
      size: 1323
    outs:
    - path: data/interim/test_bow.csv
      hash: md5
      md5: fe8680a8b20b873d55e63aec5b3d1aa2
      size: 59114847
    - path: data/interim/train_bow.csv
      hash: md5
      md5: a6588e28a5d0219f84607ccadc322b2d
      size: 236293455
  model_training:
    cmd: python src/modelling/modelling.py
    deps:
    - path: data/interim/train_bow.csv
      hash: md5
      md5: a6588e28a5d0219f84607ccadc322b2d
      size: 236293455
    - path: src/modelling/modelling.py
      hash: md5
      md5: d6b7044623c3e7e74037d5d81bfc9b7f
      size: 430
    outs:
    - path: models/random_forest_model.pkl
      hash: md5
      md5: f1af4a3f9f7dcd507a6e316e2d07741c
      size: 55583872
  model_evaluation:
    cmd: python src/modelling/model_evaluation.py
    deps:
    - path: data/interim/test_bow.csv
      hash: md5
      md5: fe8680a8b20b873d55e63aec5b3d1aa2
      size: 59114847
    - path: models/random_forest_model.pkl
      hash: md5
      md5: f1af4a3f9f7dcd507a6e316e2d07741c
      size: 55583872
    - path: src/modelling/model_evaluation.py
      hash: md5
      md5: 3a8621758cad9e686a92942afc671a65
      size: 723
    outs:
    - path: reports/metrics.json
      hash: md5
      md5: 3fa3871d598e44538c866060f29cff57
      size: 149
