schema: '2.0'
stages:
  data_preprocessing:
    cmd: python src/data/data_preprocessing.py
    deps:
    - path: data/raw/test.csv
      hash: md5
      md5: 00e92fbd32276319d5b2efb0c047cd51
      size: 248475
    - path: data/raw/train.csv
      hash: md5
      md5: 0b51c9a20421c5215654dc30eb0cb163
      size: 579498
    - path: src/data/data_preprocessing.py
      hash: md5
      md5: 29a17c5a1927473784a9411e8ef03206
      size: 4983
    outs:
    - path: data/processed/test.csv
      hash: md5
      md5: 77e002c6632d604c0bfd70d9b845847e
      size: 169992
    - path: data/processed/train.csv
      hash: md5
      md5: c91070b226cb06f9b54abdf85ebb2cd4
      size: 396218
  feature_engineering:
    cmd: python src/features/features.py
    deps:
    - path: data/processed/test.csv
      hash: md5
      md5: 77e002c6632d604c0bfd70d9b845847e
      size: 169992
    - path: data/processed/train.csv
      hash: md5
      md5: c91070b226cb06f9b54abdf85ebb2cd4
      size: 396218
    - path: src/features/features.py
      hash: md5
      md5: 61d860b88696caa848450845dfb2067d
      size: 3094
    params:
      params.yaml:
        feature_engg.max_features: 30
    outs:
    - path: data/interim/test_bow.csv
      hash: md5
      md5: 629292f36431e7499168d9a91799c6b3
      size: 196143
    - path: data/interim/train_bow.csv
      hash: md5
      md5: ec1d22d78b7f9f0ad16ff581f40a9a16
      size: 457467
  model_training:
    cmd: python src/modelling/modelling.py
    deps:
    - path: data/interim/train_bow.csv
      hash: md5
      md5: ec1d22d78b7f9f0ad16ff581f40a9a16
      size: 457467
    - path: src/modelling/modelling.py
      hash: md5
      md5: a3098ab8ebb1d0a4a61f07a63219ec2a
      size: 2813
    params:
      params.yaml:
        model_building.max_depth: 10
        model_building.n_estimators: 80
    outs:
    - path: models/random_forest_model.pkl
      hash: md5
      md5: 72d625aeeb297f61f7dd208c517d861c
      size: 1320603
  model_evaluation:
    cmd: python src/modelling/model_evaluation.py
    deps:
    - path: data/interim/test_bow.csv
      hash: md5
      md5: 629292f36431e7499168d9a91799c6b3
      size: 196143
    - path: models/random_forest_model.pkl
      hash: md5
      md5: 72d625aeeb297f61f7dd208c517d861c
      size: 1320603
    - path: src/modelling/model_evaluation.py
      hash: md5
      md5: eb831bfffe1755da5abf4e1d214bd3db
      size: 2558
    outs:
    - path: reports/metrics.json
      hash: md5
      md5: 484b77f2de07047e92bf44ff821d74de
      size: 149
  data_ingestion:
    cmd: python src/data/data_ingestion.py
    deps:
    - path: src/data/data_ingestion.py
      hash: md5
      md5: afba41c392c8524afb6f83d721f92a5e
      size: 3033
    params:
      params.yaml:
        data_ingestion.test_size: 0.3
    outs:
    - path: data/raw/test.csv
      hash: md5
      md5: 00e92fbd32276319d5b2efb0c047cd51
      size: 248475
    - path: data/raw/train.csv
      hash: md5
      md5: 0b51c9a20421c5215654dc30eb0cb163
      size: 579498
